
Microsoft Visual Studio Solution File, Format Version 12.00
# Visual Studio Version 17
VisualStudioVersion = 17.1.32319.34
MinimumVisualStudioVersion = 10.0.40219.1
Project("{FAE04EC0-301F-11D3-BF4B-00C04F79EFBC}") = "my-books", "my-books.csproj", "{A5D51042-6E77-43EC-8E47-8025E1154B55}"
EndProject
Global
	GlobalSection(SolutionConfigurationPlatforms) = preSolution
		Debug|Any CPU = Debug|Any CPU
		Release|Any CPU = Release|Any CPU
	EndGlobalSection
	GlobalSection(ProjectConfigurationPlatforms) = postSolution
		{A5D51042-6E77-43EC-8E47-8025E1154B55}.Debug|Any CPU.ActiveCfg = Debug|Any CPU
		{A5D51042-6E77-43EC-8E47-8025E1154B55}.Debug|Any CPU.Build.0 = Debug|Any CPU
		{A5D51042-6E77-43EC-8E47-8025E1154B55}.Release|Any CPU.ActiveCfg = Release|Any CPU
		{A5D51042-6E77-43EC-8E47-8025E1154B55}.Release|Any CPU.Build.0 = Release|Any CPU
	EndGlobalSection
	GlobalSection(SolutionProperties) = preSolution
		HideSolutionNode = FALSE
	EndGlobalSection
	GlobalSection(ExtensibilityGlobals) = postSolution
		SolutionGuid = {EB14ECCA-29AA-4D5C-A692-24E5AF20D653}
	EndGlobalSection
EndGlobal
